// !$*UTF8*$!
{
	archiveVersion = 1;
	classes = {
	};
	objectVersion = 77;
	objects = {

/* Begin PBXBuildFile section */
		2E464487DDBC91F47F57475D /* AppEnvironment.swift in Sources */ = {isa = PBXBuildFile; fileRef = A54E004DAC9AA5AEBCCDD275 /* AppEnvironment.swift */; };
		443D9EA5FCA18E883B6E0E1D /* TodayView.swift in Sources */ = {isa = PBXBuildFile; fileRef = 504D0BDFF9520E16D3BC1FF9 /* TodayView.swift */; };
		6780689EB289A0E125D50794 /* APIClient.swift in Sources */ = {isa = PBXBuildFile; fileRef = 06787FAF116BFC70DFD2CC2D /* APIClient.swift */; };
		78105C1E142FB495F9A3010A /* SettingsView.swift in Sources */ = {isa = PBXBuildFile; fileRef = 9025DA493D532CF4124472BA /* SettingsView.swift */; };
		7D00DB708A644A8224D58711 /* RootView.swift in Sources */ = {isa = PBXBuildFile; fileRef = A620EC59C291F5CE8F4CBCED /* RootView.swift */; };
		8F23ACE9BDB71C194ED2E73A /* MiwaApp.swift in Sources */ = {isa = PBXBuildFile; fileRef = 776A79250EDED01CF48D85CA /* MiwaApp.swift */; };
		ADE0A02DE0E9177129EC56C2 /* LoginView.swift in Sources */ = {isa = PBXBuildFile; fileRef = 87A9615C936FA3612907F715 /* LoginView.swift */; };
		B19229DA4922F2447E9D4430 /* Models.swift in Sources */ = {isa = PBXBuildFile; fileRef = 25F7723CD2C6CBC67DC5BB29 /* Models.swift */; };
		CF1FD469700570C22D951974 /* AuthSession.swift in Sources */ = {isa = PBXBuildFile; fileRef = 3C470377BD537AC5590E92BB /* AuthSession.swift */; };
		CF60F1DE48161A6998AD89A0 /* Theme.swift in Sources */ = {isa = PBXBuildFile; fileRef = 70149194212083B604677236 /* Theme.swift */; };
		E8812E382452C2ABF92E3F67 /* ClientsView.swift in Sources */ = {isa = PBXBuildFile; fileRef = 840C48F424360E60DEF3BD2C /* ClientsView.swift */; };
		ECC6F8402C36309A7F60EB50 /* MainTabsView.swift in Sources */ = {isa = PBXBuildFile; fileRef = 2AF351AE5E21BFAB99178DC9 /* MainTabsView.swift */; };
		F6CAA59750964E6D766CE6D7 /* KeychainStore.swift in Sources */ = {isa = PBXBuildFile; fileRef = C514227569A50B7675E3C05F /* KeychainStore.swift */; };
/* End PBXBuildFile section */

/* Begin PBXFileReference section */
		00F334B0DE0EDCF5CEFF50E0 /* Miwa.app */ = {isa = PBXFileReference; includeInIndex = 0; lastKnownFileType = wrapper.application; path = Miwa.app; sourceTree = BUILT_PRODUCTS_DIR; };
		06787FAF116BFC70DFD2CC2D /* APIClient.swift */ = {isa = PBXFileReference; lastKnownFileType = sourcecode.swift; path = APIClient.swift; sourceTree = "<group>"; };
		25F7723CD2C6CBC67DC5BB29 /* Models.swift */ = {isa = PBXFileReference; lastKnownFileType = sourcecode.swift; path = Models.swift; sourceTree = "<group>"; };
		2AF351AE5E21BFAB99178DC9 /* MainTabsView.swift */ = {isa = PBXFileReference; lastKnownFileType = sourcecode.swift; path = MainTabsView.swift; sourceTree = "<group>"; };
		3C470377BD537AC5590E92BB /* AuthSession.swift */ = {isa = PBXFileReference; lastKnownFileType = sourcecode.swift; path = AuthSession.swift; sourceTree = "<group>"; };
		504D0BDFF9520E16D3BC1FF9 /* TodayView.swift */ = {isa = PBXFileReference; lastKnownFileType = sourcecode.swift; path = TodayView.swift; sourceTree = "<group>"; };
		70149194212083B604677236 /* Theme.swift */ = {isa = PBXFileReference; lastKnownFileType = sourcecode.swift; path = Theme.swift; sourceTree = "<group>"; };
		776A79250EDED01CF48D85CA /* MiwaApp.swift */ = {isa = PBXFileReference; lastKnownFileType = sourcecode.swift; path = MiwaApp.swift; sourceTree = "<group>"; };
		840C48F424360E60DEF3BD2C /* ClientsView.swift */ = {isa = PBXFileReference; lastKnownFileType = sourcecode.swift; path = ClientsView.swift; sourceTree = "<group>"; };
		87A9615C936FA3612907F715 /* LoginView.swift */ = {isa = PBXFileReference; lastKnownFileType = sourcecode.swift; path = LoginView.swift; sourceTree = "<group>"; };
		9025DA493D532CF4124472BA /* SettingsView.swift */ = {isa = PBXFileReference; lastKnownFileType = sourcecode.swift; path = SettingsView.swift; sourceTree = "<group>"; };
		A54E004DAC9AA5AEBCCDD275 /* AppEnvironment.swift */ = {isa = PBXFileReference; lastKnownFileType = sourcecode.swift; path = AppEnvironment.swift; sourceTree = "<group>"; };
		A620EC59C291F5CE8F4CBCED /* RootView.swift */ = {isa = PBXFileReference; lastKnownFileType = sourcecode.swift; path = RootView.swift; sourceTree = "<group>"; };
		C514227569A50B7675E3C05F /* KeychainStore.swift */ = {isa = PBXFileReference; lastKnownFileType = sourcecode.swift; path = KeychainStore.swift; sourceTree = "<group>"; };
		CF8CE53F53B046383F7B7AA2 /* Info.plist */ = {isa = PBXFileReference; lastKnownFileType = text.plist; path = Info.plist; sourceTree = "<group>"; };
/* End PBXFileReference section */

/* Begin PBXGroup section */
		332718D760B98BDE08E9ADD1 /* Products */ = {
			isa = PBXGroup;
			children = (
				00F334B0DE0EDCF5CEFF50E0 /* Miwa.app */,
			);
			name = Products;
			sourceTree = "<group>";
		};
		4E46C58C92ACCD61D814C49B /* Auth */ = {
			isa = PBXGroup;
			children = (
				3C470377BD537AC5590E92BB /* AuthSession.swift */,
				87A9615C936FA3612907F715 /* LoginView.swift */,
			);
			path = Auth;
			sourceTree = "<group>";
		};
		560E3BB857C0DDFE80AF7BA3 /* Miwa */ = {
			isa = PBXGroup;
			children = (
				FB65AA557235197362DDDF1F /* App */,
				C0941D0B943B35726E405888 /* Core */,
				5D4220950B33EEC3FD6EC56E /* Features */,
			);
			path = Miwa;
			sourceTree = "<group>";
		};
		5D4220950B33EEC3FD6EC56E /* Features */ = {
			isa = PBXGroup;
			children = (
				4E46C58C92ACCD61D814C49B /* Auth */,
				8AB7B8C14A2C01123EC887FD /* Clients */,
				B607CD81917ABAF7F9B52EB3 /* Settings */,
				A109721FA5B32E4EFBECC830 /* Today */,
			);
			path = Features;
			sourceTree = "<group>";
		};
		6E9AE190DF98B65F82F9D861 = {
			isa = PBXGroup;
			children = (
				560E3BB857C0DDFE80AF7BA3 /* Miwa */,
				332718D760B98BDE08E9ADD1 /* Products */,
			);
			sourceTree = "<group>";
		};
		8AB7B8C14A2C01123EC887FD /* Clients */ = {
			isa = PBXGroup;
			children = (
				840C48F424360E60DEF3BD2C /* ClientsView.swift */,
			);
			path = Clients;
			sourceTree = "<group>";
		};
		A109721FA5B32E4EFBECC830 /* Today */ = {
			isa = PBXGroup;
			children = (
				504D0BDFF9520E16D3BC1FF9 /* TodayView.swift */,
			);
			path = Today;
			sourceTree = "<group>";
		};
		B607CD81917ABAF7F9B52EB3 /* Settings */ = {
			isa = PBXGroup;
			children = (
				9025DA493D532CF4124472BA /* SettingsView.swift */,
			);
			path = Settings;
			sourceTree = "<group>";
		};
		C0941D0B943B35726E405888 /* Core */ = {
			isa = PBXGroup;
			children = (
				06787FAF116BFC70DFD2CC2D /* APIClient.swift */,
				A54E004DAC9AA5AEBCCDD275 /* AppEnvironment.swift */,
				C514227569A50B7675E3C05F /* KeychainStore.swift */,
				25F7723CD2C6CBC67DC5BB29 /* Models.swift */,
				70149194212083B604677236 /* Theme.swift */,
			);
			path = Core;
			sourceTree = "<group>";
		};
		FB65AA557235197362DDDF1F /* App */ = {
			isa = PBXGroup;
			children = (
				CF8CE53F53B046383F7B7AA2 /* Info.plist */,
				2AF351AE5E21BFAB99178DC9 /* MainTabsView.swift */,
				776A79250EDED01CF48D85CA /* MiwaApp.swift */,
				A620EC59C291F5CE8F4CBCED /* RootView.swift */,
			);
			path = App;
			sourceTree = "<group>";
		};
/* End PBXGroup section */

/* Begin PBXNativeTarget section */
		18D0C7B0BCDBC6AD558B3763 /* Miwa */ = {
			isa = PBXNativeTarget;
			buildConfigurationList = 05B9C2D1ED6081D5E5BC5F74 /* Build configuration list for PBXNativeTarget "Miwa" */;
			buildPhases = (
				7C3F69B0130B4D4BFDAC9306 /* Sources */,
			);
			buildRules = (
			);
			dependencies = (
			);
			name = Miwa;
			packageProductDependencies = (
			);
			productName = Miwa;
			productReference = 00F334B0DE0EDCF5CEFF50E0 /* Miwa.app */;
			productType = "com.apple.product-type.application";
		};
/* End PBXNativeTarget section */

/* Begin PBXProject section */
		3A6C1C022ED7195B2C2FA957 /* Project object */ = {
			isa = PBXProject;
			attributes = {
				BuildIndependentTargetsInParallel = YES;
				LastUpgradeCheck = 1430;
				TargetAttributes = {
					18D0C7B0BCDBC6AD558B3763 = {
						DevelopmentTeam = "";
						ProvisioningStyle = Automatic;
					};
				};
			};
			buildConfigurationList = D0C62BF32BA3ED890EA4F61E /* Build configuration list for PBXProject "Miwa" */;
			developmentRegion = en;
			hasScannedForEncodings = 0;
			knownRegions = (
				Base,
				en,
			);
			mainGroup = 6E9AE190DF98B65F82F9D861;
			minimizedProjectReferenceProxies = 1;
			preferredProjectObjectVersion = 77;
			productRefGroup = 332718D760B98BDE08E9ADD1 /* Products */;
			projectDirPath = "";
			projectRoot = "";
			targets = (
				18D0C7B0BCDBC6AD558B3763 /* Miwa */,
			);
		};
/* End PBXProject section */

/* Begin PBXSourcesBuildPhase section */
		7C3F69B0130B4D4BFDAC9306 /* Sources */ = {
			isa = PBXSourcesBuildPhase;
			buildActionMask = 2147483647;
			files = (
				6780689EB289A0E125D50794 /* APIClient.swift in Sources */,
				2E464487DDBC91F47F57475D /* AppEnvironment.swift in Sources */,
				CF1FD469700570C22D951974 /* AuthSession.swift in Sources */,
				E8812E382452C2ABF92E3F67 /* ClientsView.swift in Sources */,
				F6CAA59750964E6D766CE6D7 /* KeychainStore.swift in Sources */,
				ADE0A02DE0E9177129EC56C2 /* LoginView.swift in Sources */,
				ECC6F8402C36309A7F60EB50 /* MainTabsView.swift in Sources */,
				8F23ACE9BDB71C194ED2E73A /* MiwaApp.swift in Sources */,
				B19229DA4922F2447E9D4430 /* Models.swift in Sources */,
				7D00DB708A644A8224D58711 /* RootView.swift in Sources */,
				78105C1E142FB495F9A3010A /* SettingsView.swift in Sources */,
				CF60F1DE48161A6998AD89A0 /* Theme.swift in Sources */,
				443D9EA5FCA18E883B6E0E1D /* TodayView.swift in Sources */,
			);
			runOnlyForDeploymentPostprocessing = 0;
		};
/* End PBXSourcesBuildPhase section */

/* Begin XCBuildConfiguration section */
		8B838DD818FB559E9972FB9E /* Release */ = {
			isa = XCBuildConfiguration;
			buildSettings = {
				ASSETCATALOG_COMPILER_APPICON_NAME = AppIcon;
				CODE_SIGN_IDENTITY = "iPhone Developer";
				CODE_SIGN_STYLE = Automatic;
				INFOPLIST_FILE = Miwa/App/Info.plist;
				LD_RUNPATH_SEARCH_PATHS = (
					"$(inherited)",
					"@executable_path/Frameworks",
				);
				PRODUCT_BUNDLE_IDENTIFIER = care.miwa.app;
				SDKROOT = iphoneos;
				TARGETED_DEVICE_FAMILY = "1,2";
			};
			name = Release;
		};
		D42C68A0E45C64CE2D35713C /* Debug */ = {
			isa = XCBuildConfiguration;
			buildSettings = {
				ASSETCATALOG_COMPILER_APPICON_NAME = AppIcon;
				CODE_SIGN_IDENTITY = "iPhone Developer";
				CODE_SIGN_STYLE = Automatic;
				INFOPLIST_FILE = Miwa/App/Info.plist;
				LD_RUNPATH_SEARCH_PATHS = (
					"$(inherited)",
					"@executable_path/Frameworks",
				);
				PRODUCT_BUNDLE_IDENTIFIER = care.miwa.app;
				SDKROOT = iphoneos;
				TARGETED_DEVICE_FAMILY = "1,2";
			};
			name = Debug;
		};
		E2637F2F257DCA458A7EBD14 /* Release */ = {
			isa = XCBuildConfiguration;
			buildSettings = {
				ALWAYS_SEARCH_USER_PATHS = NO;
				CLANG_ANALYZER_NONNULL = YES;
				CLANG_ANALYZER_NUMBER_OBJECT_CONVERSION = YES_AGGRESSIVE;
				CLANG_CXX_LANGUAGE_STANDARD = "gnu++14";
				CLANG_CXX_LIBRARY = "libc++";
				CLANG_ENABLE_MODULES = YES;
				CLANG_ENABLE_OBJC_ARC = YES;
				CLANG_ENABLE_OBJC_WEAK = YES;
				CLANG_WARN_BLOCK_CAPTURE_AUTORELEASING = YES;
				CLANG_WARN_BOOL_CONVERSION = YES;
				CLANG_WARN_COMMA = YES;
				CLANG_WARN_CONSTANT_CONVERSION = YES;
				CLANG_WARN_DEPRECATED_OBJC_IMPLEMENTATIONS = YES;
				CLANG_WARN_DIRECT_OBJC_ISA_USAGE = YES_ERROR;
				CLANG_WARN_DOCUMENTATION_COMMENTS = YES;
				CLANG_WARN_EMPTY_BODY = YES;
				CLANG_WARN_ENUM_CONVERSION = YES;
				CLANG_WARN_INFINITE_RECURSION = YES;
				CLANG_WARN_INT_CONVERSION = YES;
				CLANG_WARN_NON_LITERAL_NULL_CONVERSION = YES;
				CLANG_WARN_OBJC_IMPLICIT_RETAIN_SELF = YES;
				CLANG_WARN_OBJC_LITERAL_CONVERSION = YES;
				CLANG_WARN_OBJC_ROOT_CLASS = YES_ERROR;
				CLANG_WARN_QUOTED_INCLUDE_IN_FRAMEWORK_HEADER = YES;
				CLANG_WARN_RANGE_LOOP_ANALYSIS = YES;
				CLANG_WARN_STRICT_PROTOTYPES = YES;
				CLANG_WARN_SUSPICIOUS_MOVE = YES;
				CLANG_WARN_UNGUARDED_AVAILABILITY = YES_AGGRESSIVE;
				CLANG_WARN_UNREACHABLE_CODE = YES;
				CLANG_WARN__DUPLICATE_METHOD_MATCH = YES;
				COPY_PHASE_STRIP = NO;
				CURRENT_PROJECT_VERSION = 1;
				DEBUG_INFORMATION_FORMAT = "dwarf-with-dsym";
				DEVELOPMENT_TEAM = "";
				ENABLE_NS_ASSERTIONS = NO;
				ENABLE_STRICT_OBJC_MSGSEND = YES;
				GCC_C_LANGUAGE_STANDARD = gnu11;
				GCC_NO_COMMON_BLOCKS = YES;
				GCC_WARN_64_TO_32_BIT_CONVERSION = YES;
				GCC_WARN_ABOUT_RETURN_TYPE = YES_ERROR;
				GCC_WARN_UNDECLARED_SELECTOR = YES;
				GCC_WARN_UNINITIALIZED_AUTOS = YES_AGGRESSIVE;
				GCC_WARN_UNUSED_FUNCTION = YES;
				GCC_WARN_UNUSED_VARIABLE = YES;
				IPHONEOS_DEPLOYMENT_TARGET = 17.0;
				MARKETING_VERSION = 0.1.0;
				MTL_ENABLE_DEBUG_INFO = NO;
				MTL_FAST_MATH = YES;
				PRODUCT_NAME = "$(TARGET_NAME)";
				SDKROOT = iphoneos;
				SWIFT_COMPILATION_MODE = wholemodule;
				SWIFT_OPTIMIZATION_LEVEL = "-O";
				SWIFT_VERSION = 5.1;
			};
			name = Release;
		};
		FCE52DAE619F8D572D6E1663 /* Debug */ = {
			isa = XCBuildConfiguration;
			buildSettings = {
				ALWAYS_SEARCH_USER_PATHS = NO;
				CLANG_ANALYZER_NONNULL = YES;
				CLANG_ANALYZER_NUMBER_OBJECT_CONVERSION = YES_AGGRESSIVE;
				CLANG_CXX_LANGUAGE_STANDARD = "gnu++14";
				CLANG_CXX_LIBRARY = "libc++";
				CLANG_ENABLE_MODULES = YES;
				CLANG_ENABLE_OBJC_ARC = YES;
				CLANG_ENABLE_OBJC_WEAK = YES;
				CLANG_WARN_BLOCK_CAPTURE_AUTORELEASING = YES;
				CLANG_WARN_BOOL_CONVERSION = YES;
				CLANG_WARN_COMMA = YES;
				CLANG_WARN_CONSTANT_CONVERSION = YES;
				CLANG_WARN_DEPRECATED_OBJC_IMPLEMENTATIONS = YES;
				CLANG_WARN_DIRECT_OBJC_ISA_USAGE = YES_ERROR;
				CLANG_WARN_DOCUMENTATION_COMMENTS = YES;
				CLANG_WARN_EMPTY_BODY = YES;
				CLANG_WARN_ENUM_CONVERSION = YES;
				CLANG_WARN_INFINITE_RECURSION = YES;
				CLANG_WARN_INT_CONVERSION = YES;
				CLANG_WARN_NON_LITERAL_NULL_CONVERSION = YES;
				CLANG_WARN_OBJC_IMPLICIT_RETAIN_SELF = YES;
				CLANG_WARN_OBJC_LITERAL_CONVERSION = YES;
				CLANG_WARN_OBJC_ROOT_CLASS = YES_ERROR;
				CLANG_WARN_QUOTED_INCLUDE_IN_FRAMEWORK_HEADER = YES;
				CLANG_WARN_RANGE_LOOP_ANALYSIS = YES;
				CLANG_WARN_STRICT_PROTOTYPES = YES;
				CLANG_WARN_SUSPICIOUS_MOVE = YES;
				CLANG_WARN_UNGUARDED_AVAILABILITY = YES_AGGRESSIVE;
				CLANG_WARN_UNREACHABLE_CODE = YES;
				CLANG_WARN__DUPLICATE_METHOD_MATCH = YES;
				COPY_PHASE_STRIP = NO;
				CURRENT_PROJECT_VERSION = 1;
				DEBUG_INFORMATION_FORMAT = dwarf;
				DEVELOPMENT_TEAM = "";
				ENABLE_STRICT_OBJC_MSGSEND = YES;
				ENABLE_TESTABILITY = YES;
				GCC_C_LANGUAGE_STANDARD = gnu11;
				GCC_DYNAMIC_NO_PIC = NO;
				GCC_NO_COMMON_BLOCKS = YES;
				GCC_OPTIMIZATION_LEVEL = 0;
				GCC_PREPROCESSOR_DEFINITIONS = (
					"$(inherited)",
					"DEBUG=1",
				);
				GCC_WARN_64_TO_32_BIT_CONVERSION = YES;
				GCC_WARN_ABOUT_RETURN_TYPE = YES_ERROR;
				GCC_WARN_UNDECLARED_SELECTOR = YES;
				GCC_WARN_UNINITIALIZED_AUTOS = YES_AGGRESSIVE;
				GCC_WARN_UNUSED_FUNCTION = YES;
				GCC_WARN_UNUSED_VARIABLE = YES;
				IPHONEOS_DEPLOYMENT_TARGET = 17.0;
				MARKETING_VERSION = 0.1.0;
				MTL_ENABLE_DEBUG_INFO = INCLUDE_SOURCE;
				MTL_FAST_MATH = YES;
				ONLY_ACTIVE_ARCH = YES;
				PRODUCT_NAME = "$(TARGET_NAME)";
				SDKROOT = iphoneos;
				SWIFT_ACTIVE_COMPILATION_CONDITIONS = DEBUG;
				SWIFT_OPTIMIZATION_LEVEL = "-Onone";
				SWIFT_VERSION = 5.1;
			};
			name = Debug;
		};
/* End XCBuildConfiguration section */

/* Begin XCConfigurationList section */
		05B9C2D1ED6081D5E5BC5F74 /* Build configuration list for PBXNativeTarget "Miwa" */ = {
			isa = XCConfigurationList;
			buildConfigurations = (
				D42C68A0E45C64CE2D35713C /* Debug */,
				8B838DD818FB559E9972FB9E /* Release */,
			);
			defaultConfigurationIsVisible = 0;
			defaultConfigurationName = Debug;
		};
		D0C62BF32BA3ED890EA4F61E /* Build configuration list for PBXProject "Miwa" */ = {
			isa = XCConfigurationList;
			buildConfigurations = (
				FCE52DAE619F8D572D6E1663 /* Debug */,
				E2637F2F257DCA458A7EBD14 /* Release */,
			);
			defaultConfigurationIsVisible = 0;
			defaultConfigurationName = Debug;
		};
/* End XCConfigurationList section */
	};
	rootObject = 3A6C1C022ED7195B2C2FA957 /* Project object */;
}
